
Microsoft Visual Studio Solution File, Format Version 12.00
# Visual Studio Version 16
VisualStudioVersion = 16.0.30804.86
MinimumVisualStudioVersion = 10.0.40219.1
Project("{FAE04EC0-301F-11D3-BF4B-00C04F79EFBC}") = "Maritims.net.BlazorExtensions", "Maritims.net.BlazorExtensions\Maritims.net.BlazorExtensions.csproj", "{8D65CF9A-AE68-4BCE-875C-F82B2A2E79D0}"
EndProject
Global
	GlobalSection(SolutionConfigurationPlatforms) = preSolution
		Debug|Any CPU = Debug|Any CPU
		Release|Any CPU = Release|Any CPU
	EndGlobalSection
	GlobalSection(ProjectConfigurationPlatforms) = postSolution
		{8D65CF9A-AE68-4BCE-875C-F82B2A2E79D0}.Debug|Any CPU.ActiveCfg = Debug|Any CPU
		{8D65CF9A-AE68-4BCE-875C-F82B2A2E79D0}.Debug|Any CPU.Build.0 = Debug|Any CPU
		{8D65CF9A-AE68-4BCE-875C-F82B2A2E79D0}.Release|Any CPU.ActiveCfg = Release|Any CPU
		{8D65CF9A-AE68-4BCE-875C-F82B2A2E79D0}.Release|Any CPU.Build.0 = Release|Any CPU
	EndGlobalSection
	GlobalSection(SolutionProperties) = preSolution
		HideSolutionNode = FALSE
	EndGlobalSection
	GlobalSection(ExtensibilityGlobals) = postSolution
		SolutionGuid = {5214B2DA-16F5-46B9-9177-9F375F68F580}
	EndGlobalSection
EndGlobal
